// !$*UTF8*$!
{
	archiveVersion = 1;
	classes = {
	};
	objectVersion = 55;
	objects = {

/* Begin PBXBuildFile section */
		77CBB37328544978001E50A2 /* AppDelegate.swift in Sources */ = {isa = PBXBuildFile; fileRef = 77CBB37228544978001E50A2 /* AppDelegate.swift */; };
		77CBB37528544978001E50A2 /* SceneDelegate.swift in Sources */ = {isa = PBXBuildFile; fileRef = 77CBB37428544978001E50A2 /* SceneDelegate.swift */; };
		77CBB37728544978001E50A2 /* ViewController.swift in Sources */ = {isa = PBXBuildFile; fileRef = 77CBB37628544978001E50A2 /* ViewController.swift */; };
		77CBB37A28544978001E50A2 /* Main.storyboard in Resources */ = {isa = PBXBuildFile; fileRef = 77CBB37828544978001E50A2 /* Main.storyboard */; };
		77CBB37C2854497C001E50A2 /* Assets.xcassets in Resources */ = {isa = PBXBuildFile; fileRef = 77CBB37B2854497C001E50A2 /* Assets.xcassets */; };
		77CBB37F2854497C001E50A2 /* LaunchScreen.storyboard in Resources */ = {isa = PBXBuildFile; fileRef = 77CBB37D2854497C001E50A2 /* LaunchScreen.storyboard */; };
		77CBB38A2854497C001E50A2 /* MyAnimeListTests.swift in Sources */ = {isa = PBXBuildFile; fileRef = 77CBB3892854497C001E50A2 /* MyAnimeListTests.swift */; };
		77CBB3942854497C001E50A2 /* MyAnimeListUITests.swift in Sources */ = {isa = PBXBuildFile; fileRef = 77CBB3932854497C001E50A2 /* MyAnimeListUITests.swift */; };
		77CBB3962854497C001E50A2 /* MyAnimeListUITestsLaunchTests.swift in Sources */ = {isa = PBXBuildFile; fileRef = 77CBB3952854497C001E50A2 /* MyAnimeListUITestsLaunchTests.swift */; };
		77CBB3A428544A6D001E50A2 /* PagingHandler.swift in Sources */ = {isa = PBXBuildFile; fileRef = 77CBB3A328544A6D001E50A2 /* PagingHandler.swift */; };
		77CBB3A628544CFE001E50A2 /* PagingUnit.swift in Sources */ = {isa = PBXBuildFile; fileRef = 77CBB3A528544CFE001E50A2 /* PagingUnit.swift */; };
		77CBB3AA28545FC9001E50A2 /* PagingHandlerTest.swift in Sources */ = {isa = PBXBuildFile; fileRef = 77CBB3A928545FC9001E50A2 /* PagingHandlerTest.swift */; };
		77CBB3AD28546EEE001E50A2 /* AnimePagingHandler.swift in Sources */ = {isa = PBXBuildFile; fileRef = 77CBB3AC28546EEE001E50A2 /* AnimePagingHandler.swift */; };
		77CBB3B0285474FB001E50A2 /* ListResult.swift in Sources */ = {isa = PBXBuildFile; fileRef = 77CBB3AF285474FB001E50A2 /* ListResult.swift */; };
		77CBB3B22854751E001E50A2 /* AnimeData.swift in Sources */ = {isa = PBXBuildFile; fileRef = 77CBB3B12854751E001E50A2 /* AnimeData.swift */; };
		77CBB3B4285475C8001E50A2 /* ACGImageData.swift in Sources */ = {isa = PBXBuildFile; fileRef = 77CBB3B3285475C8001E50A2 /* ACGImageData.swift */; };
		77CBB3B6285476E6001E50A2 /* MangaData.swift in Sources */ = {isa = PBXBuildFile; fileRef = 77CBB3B5285476E6001E50A2 /* MangaData.swift */; };
		77CBB3B9285481C5001E50A2 /* AnimeCellViewModel.swift in Sources */ = {isa = PBXBuildFile; fileRef = 77CBB3B8285481C5001E50A2 /* AnimeCellViewModel.swift */; };
		77CBB3BB2854825F001E50A2 /* MangaCellViewModel.swift in Sources */ = {isa = PBXBuildFile; fileRef = 77CBB3BA2854825F001E50A2 /* MangaCellViewModel.swift */; };
		77CBB3BF285496A2001E50A2 /* FilterViewController.swift in Sources */ = {isa = PBXBuildFile; fileRef = 77CBB3BE285496A2001E50A2 /* FilterViewController.swift */; };
		77CBB3C3285498A6001E50A2 /* UIImage+SFSymbol.swift in Sources */ = {isa = PBXBuildFile; fileRef = 77CBB3C2285498A6001E50A2 /* UIImage+SFSymbol.swift */; };
		77CBB3C5285499CC001E50A2 /* FilterCell.swift in Sources */ = {isa = PBXBuildFile; fileRef = 77CBB3C4285499CC001E50A2 /* FilterCell.swift */; };
		77CBB3C728549CFD001E50A2 /* FilterCellViewModel.swift in Sources */ = {isa = PBXBuildFile; fileRef = 77CBB3C628549CFD001E50A2 /* FilterCellViewModel.swift */; };
		77CBB3C928549DB5001E50A2 /* Combine+Assign.swift in Sources */ = {isa = PBXBuildFile; fileRef = 77CBB3C828549DB5001E50A2 /* Combine+Assign.swift */; };
		77CBB3CB2854A40E001E50A2 /* FilterViewModel.swift in Sources */ = {isa = PBXBuildFile; fileRef = 77CBB3CA2854A40E001E50A2 /* FilterViewModel.swift */; };
		77CBB3CD2854AC5B001E50A2 /* FilterViewController+QuickConstructor.swift in Sources */ = {isa = PBXBuildFile; fileRef = 77CBB3CC2854AC5B001E50A2 /* FilterViewController+QuickConstructor.swift */; };
		77CBB3CF28559788001E50A2 /* FilterUnit.swift in Sources */ = {isa = PBXBuildFile; fileRef = 77CBB3CE28559788001E50A2 /* FilterUnit.swift */; };
		9C4E546CC355C3846ED0E703 /* Pods_MyAnimeListUITests.framework in Frameworks */ = {isa = PBXBuildFile; fileRef = B32BC98A51020BB1DE7BE65B /* Pods_MyAnimeListUITests.framework */; };
		EAA4C66F740E2DE6D6CC9469 /* Pods_MyAnimeList.framework in Frameworks */ = {isa = PBXBuildFile; fileRef = 8B3B64E96CC5F12E6425198A /* Pods_MyAnimeList.framework */; };
		F41D808B5081A812CF110425 /* Pods_MyAnimeListTests.framework in Frameworks */ = {isa = PBXBuildFile; fileRef = AC106DF56386F0434DB994C0 /* Pods_MyAnimeListTests.framework */; };
/* End PBXBuildFile section */

/* Begin PBXContainerItemProxy section */
		77CBB3862854497C001E50A2 /* PBXContainerItemProxy */ = {
			isa = PBXContainerItemProxy;
			containerPortal = 77CBB36728544978001E50A2 /* Project object */;
			proxyType = 1;
			remoteGlobalIDString = 77CBB36E28544978001E50A2;
			remoteInfo = MyAnimeList;
		};
		77CBB3902854497C001E50A2 /* PBXContainerItemProxy */ = {
			isa = PBXContainerItemProxy;
			containerPortal = 77CBB36728544978001E50A2 /* Project object */;
			proxyType = 1;
			remoteGlobalIDString = 77CBB36E28544978001E50A2;
			remoteInfo = MyAnimeList;
		};
/* End PBXContainerItemProxy section */

/* Begin PBXFileReference section */
		04F288318E53263F6F0ED6D1 /* Pods-MyAnimeListUITests.debug.xcconfig */ = {isa = PBXFileReference; includeInIndex = 1; lastKnownFileType = text.xcconfig; name = "Pods-MyAnimeListUITests.debug.xcconfig"; path = "Target Support Files/Pods-MyAnimeListUITests/Pods-MyAnimeListUITests.debug.xcconfig"; sourceTree = "<group>"; };
		1751057B85E4F9731C116C23 /* Pods-MyAnimeListTests.release.xcconfig */ = {isa = PBXFileReference; includeInIndex = 1; lastKnownFileType = text.xcconfig; name = "Pods-MyAnimeListTests.release.xcconfig"; path = "Target Support Files/Pods-MyAnimeListTests/Pods-MyAnimeListTests.release.xcconfig"; sourceTree = "<group>"; };
		60C8FCA5A61EC1D0FFCFAA6F /* Pods-MyAnimeList-MyAnimeListUITests.debug.xcconfig */ = {isa = PBXFileReference; includeInIndex = 1; lastKnownFileType = text.xcconfig; name = "Pods-MyAnimeList-MyAnimeListUITests.debug.xcconfig"; path = "Target Support Files/Pods-MyAnimeList-MyAnimeListUITests/Pods-MyAnimeList-MyAnimeListUITests.debug.xcconfig"; sourceTree = "<group>"; };
		711AD7CA3C2637DE6EBA88B0 /* Pods-MyAnimeList-MyAnimeListUITests.release.xcconfig */ = {isa = PBXFileReference; includeInIndex = 1; lastKnownFileType = text.xcconfig; name = "Pods-MyAnimeList-MyAnimeListUITests.release.xcconfig"; path = "Target Support Files/Pods-MyAnimeList-MyAnimeListUITests/Pods-MyAnimeList-MyAnimeListUITests.release.xcconfig"; sourceTree = "<group>"; };
		77CBB36F28544978001E50A2 /* MyAnimeList.app */ = {isa = PBXFileReference; explicitFileType = wrapper.application; includeInIndex = 0; path = MyAnimeList.app; sourceTree = BUILT_PRODUCTS_DIR; };
		77CBB37228544978001E50A2 /* AppDelegate.swift */ = {isa = PBXFileReference; lastKnownFileType = sourcecode.swift; path = AppDelegate.swift; sourceTree = "<group>"; };
		77CBB37428544978001E50A2 /* SceneDelegate.swift */ = {isa = PBXFileReference; lastKnownFileType = sourcecode.swift; path = SceneDelegate.swift; sourceTree = "<group>"; };
		77CBB37628544978001E50A2 /* ViewController.swift */ = {isa = PBXFileReference; lastKnownFileType = sourcecode.swift; path = ViewController.swift; sourceTree = "<group>"; };
		77CBB37928544978001E50A2 /* Base */ = {isa = PBXFileReference; lastKnownFileType = file.storyboard; name = Base; path = Base.lproj/Main.storyboard; sourceTree = "<group>"; };
		77CBB37B2854497C001E50A2 /* Assets.xcassets */ = {isa = PBXFileReference; lastKnownFileType = folder.assetcatalog; path = Assets.xcassets; sourceTree = "<group>"; };
		77CBB37E2854497C001E50A2 /* Base */ = {isa = PBXFileReference; lastKnownFileType = file.storyboard; name = Base; path = Base.lproj/LaunchScreen.storyboard; sourceTree = "<group>"; };
		77CBB3802854497C001E50A2 /* Info.plist */ = {isa = PBXFileReference; lastKnownFileType = text.plist.xml; path = Info.plist; sourceTree = "<group>"; };
		77CBB3852854497C001E50A2 /* MyAnimeListTests.xctest */ = {isa = PBXFileReference; explicitFileType = wrapper.cfbundle; includeInIndex = 0; path = MyAnimeListTests.xctest; sourceTree = BUILT_PRODUCTS_DIR; };
		77CBB3892854497C001E50A2 /* MyAnimeListTests.swift */ = {isa = PBXFileReference; lastKnownFileType = sourcecode.swift; path = MyAnimeListTests.swift; sourceTree = "<group>"; };
		77CBB38F2854497C001E50A2 /* MyAnimeListUITests.xctest */ = {isa = PBXFileReference; explicitFileType = wrapper.cfbundle; includeInIndex = 0; path = MyAnimeListUITests.xctest; sourceTree = BUILT_PRODUCTS_DIR; };
		77CBB3932854497C001E50A2 /* MyAnimeListUITests.swift */ = {isa = PBXFileReference; lastKnownFileType = sourcecode.swift; path = MyAnimeListUITests.swift; sourceTree = "<group>"; };
		77CBB3952854497C001E50A2 /* MyAnimeListUITestsLaunchTests.swift */ = {isa = PBXFileReference; lastKnownFileType = sourcecode.swift; path = MyAnimeListUITestsLaunchTests.swift; sourceTree = "<group>"; };
		77CBB3A328544A6D001E50A2 /* PagingHandler.swift */ = {isa = PBXFileReference; lastKnownFileType = sourcecode.swift; path = PagingHandler.swift; sourceTree = "<group>"; };
		77CBB3A528544CFE001E50A2 /* PagingUnit.swift */ = {isa = PBXFileReference; lastKnownFileType = sourcecode.swift; path = PagingUnit.swift; sourceTree = "<group>"; };
		77CBB3A928545FC9001E50A2 /* PagingHandlerTest.swift */ = {isa = PBXFileReference; lastKnownFileType = sourcecode.swift; path = PagingHandlerTest.swift; sourceTree = "<group>"; };
		77CBB3AC28546EEE001E50A2 /* AnimePagingHandler.swift */ = {isa = PBXFileReference; lastKnownFileType = sourcecode.swift; path = AnimePagingHandler.swift; sourceTree = "<group>"; };
		77CBB3AF285474FB001E50A2 /* ListResult.swift */ = {isa = PBXFileReference; lastKnownFileType = sourcecode.swift; path = ListResult.swift; sourceTree = "<group>"; };
		77CBB3B12854751E001E50A2 /* AnimeData.swift */ = {isa = PBXFileReference; lastKnownFileType = sourcecode.swift; path = AnimeData.swift; sourceTree = "<group>"; };
		77CBB3B3285475C8001E50A2 /* ACGImageData.swift */ = {isa = PBXFileReference; lastKnownFileType = sourcecode.swift; path = ACGImageData.swift; sourceTree = "<group>"; };
		77CBB3B5285476E6001E50A2 /* MangaData.swift */ = {isa = PBXFileReference; lastKnownFileType = sourcecode.swift; name = MangaData.swift; path = ../../../../../Documents/MangaData.swift; sourceTree = "<group>"; };
		77CBB3B8285481C5001E50A2 /* AnimeCellViewModel.swift */ = {isa = PBXFileReference; lastKnownFileType = sourcecode.swift; path = AnimeCellViewModel.swift; sourceTree = "<group>"; };
		77CBB3BA2854825F001E50A2 /* MangaCellViewModel.swift */ = {isa = PBXFileReference; lastKnownFileType = sourcecode.swift; path = MangaCellViewModel.swift; sourceTree = "<group>"; };
		77CBB3BE285496A2001E50A2 /* FilterViewController.swift */ = {isa = PBXFileReference; lastKnownFileType = sourcecode.swift; path = FilterViewController.swift; sourceTree = "<group>"; };
		77CBB3C2285498A6001E50A2 /* UIImage+SFSymbol.swift */ = {isa = PBXFileReference; lastKnownFileType = sourcecode.swift; path = "UIImage+SFSymbol.swift"; sourceTree = "<group>"; };
		77CBB3C4285499CC001E50A2 /* FilterCell.swift */ = {isa = PBXFileReference; lastKnownFileType = sourcecode.swift; path = FilterCell.swift; sourceTree = "<group>"; };
		77CBB3C628549CFD001E50A2 /* FilterCellViewModel.swift */ = {isa = PBXFileReference; lastKnownFileType = sourcecode.swift; path = FilterCellViewModel.swift; sourceTree = "<group>"; };
		77CBB3C828549DB5001E50A2 /* Combine+Assign.swift */ = {isa = PBXFileReference; lastKnownFileType = sourcecode.swift; path = "Combine+Assign.swift"; sourceTree = "<group>"; };
		77CBB3CA2854A40E001E50A2 /* FilterViewModel.swift */ = {isa = PBXFileReference; lastKnownFileType = sourcecode.swift; path = FilterViewModel.swift; sourceTree = "<group>"; };
		77CBB3CC2854AC5B001E50A2 /* FilterViewController+QuickConstructor.swift */ = {isa = PBXFileReference; lastKnownFileType = sourcecode.swift; path = "FilterViewController+QuickConstructor.swift"; sourceTree = "<group>"; };
		77CBB3CE28559788001E50A2 /* FilterUnit.swift */ = {isa = PBXFileReference; lastKnownFileType = sourcecode.swift; path = FilterUnit.swift; sourceTree = "<group>"; };
		8B3B64E96CC5F12E6425198A /* Pods_MyAnimeList.framework */ = {isa = PBXFileReference; explicitFileType = wrapper.framework; includeInIndex = 0; path = Pods_MyAnimeList.framework; sourceTree = BUILT_PRODUCTS_DIR; };
		8B938A6FE8EE6A6F3351216D /* Pods-MyAnimeList.release.xcconfig */ = {isa = PBXFileReference; includeInIndex = 1; lastKnownFileType = text.xcconfig; name = "Pods-MyAnimeList.release.xcconfig"; path = "Target Support Files/Pods-MyAnimeList/Pods-MyAnimeList.release.xcconfig"; sourceTree = "<group>"; };
		95717CF150ADF41CF99FBBA2 /* Pods-MyAnimeListUITests.release.xcconfig */ = {isa = PBXFileReference; includeInIndex = 1; lastKnownFileType = text.xcconfig; name = "Pods-MyAnimeListUITests.release.xcconfig"; path = "Target Support Files/Pods-MyAnimeListUITests/Pods-MyAnimeListUITests.release.xcconfig"; sourceTree = "<group>"; };
		AC106DF56386F0434DB994C0 /* Pods_MyAnimeListTests.framework */ = {isa = PBXFileReference; explicitFileType = wrapper.framework; includeInIndex = 0; path = Pods_MyAnimeListTests.framework; sourceTree = BUILT_PRODUCTS_DIR; };
		B32BC98A51020BB1DE7BE65B /* Pods_MyAnimeListUITests.framework */ = {isa = PBXFileReference; explicitFileType = wrapper.framework; includeInIndex = 0; path = Pods_MyAnimeListUITests.framework; sourceTree = BUILT_PRODUCTS_DIR; };
		C75E9A2B0D2D1EFBE8935363 /* Pods-MyAnimeListTests.debug.xcconfig */ = {isa = PBXFileReference; includeInIndex = 1; lastKnownFileType = text.xcconfig; name = "Pods-MyAnimeListTests.debug.xcconfig"; path = "Target Support Files/Pods-MyAnimeListTests/Pods-MyAnimeListTests.debug.xcconfig"; sourceTree = "<group>"; };
		D1FC68F7FF0FA9DB4E72E295 /* Pods-MyAnimeList.debug.xcconfig */ = {isa = PBXFileReference; includeInIndex = 1; lastKnownFileType = text.xcconfig; name = "Pods-MyAnimeList.debug.xcconfig"; path = "Target Support Files/Pods-MyAnimeList/Pods-MyAnimeList.debug.xcconfig"; sourceTree = "<group>"; };
/* End PBXFileReference section */

/* Begin PBXFrameworksBuildPhase section */
		77CBB36C28544978001E50A2 /* Frameworks */ = {
			isa = PBXFrameworksBuildPhase;
			buildActionMask = 2147483647;
			files = (
				EAA4C66F740E2DE6D6CC9469 /* Pods_MyAnimeList.framework in Frameworks */,
			);
			runOnlyForDeploymentPostprocessing = 0;
		};
		77CBB3822854497C001E50A2 /* Frameworks */ = {
			isa = PBXFrameworksBuildPhase;
			buildActionMask = 2147483647;
			files = (
				F41D808B5081A812CF110425 /* Pods_MyAnimeListTests.framework in Frameworks */,
			);
			runOnlyForDeploymentPostprocessing = 0;
		};
		77CBB38C2854497C001E50A2 /* Frameworks */ = {
			isa = PBXFrameworksBuildPhase;
			buildActionMask = 2147483647;
			files = (
				9C4E546CC355C3846ED0E703 /* Pods_MyAnimeListUITests.framework in Frameworks */,
			);
			runOnlyForDeploymentPostprocessing = 0;
		};
/* End PBXFrameworksBuildPhase section */

/* Begin PBXGroup section */
		6EB1E03BD341D63D0A192964 /* Pods */ = {
			isa = PBXGroup;
			children = (
				D1FC68F7FF0FA9DB4E72E295 /* Pods-MyAnimeList.debug.xcconfig */,
				8B938A6FE8EE6A6F3351216D /* Pods-MyAnimeList.release.xcconfig */,
				60C8FCA5A61EC1D0FFCFAA6F /* Pods-MyAnimeList-MyAnimeListUITests.debug.xcconfig */,
				711AD7CA3C2637DE6EBA88B0 /* Pods-MyAnimeList-MyAnimeListUITests.release.xcconfig */,
				C75E9A2B0D2D1EFBE8935363 /* Pods-MyAnimeListTests.debug.xcconfig */,
				1751057B85E4F9731C116C23 /* Pods-MyAnimeListTests.release.xcconfig */,
				04F288318E53263F6F0ED6D1 /* Pods-MyAnimeListUITests.debug.xcconfig */,
				95717CF150ADF41CF99FBBA2 /* Pods-MyAnimeListUITests.release.xcconfig */,
			);
			path = Pods;
			sourceTree = "<group>";
		};
		77CBB36628544978001E50A2 = {
			isa = PBXGroup;
			children = (
				77CBB37128544978001E50A2 /* MyAnimeList */,
				77CBB3882854497C001E50A2 /* MyAnimeListTests */,
				77CBB3922854497C001E50A2 /* MyAnimeListUITests */,
				77CBB37028544978001E50A2 /* Products */,
				6EB1E03BD341D63D0A192964 /* Pods */,
				DAFA4F494C02F92279CF3B4A /* Frameworks */,
			);
			sourceTree = "<group>";
		};
		77CBB37028544978001E50A2 /* Products */ = {
			isa = PBXGroup;
			children = (
				77CBB36F28544978001E50A2 /* MyAnimeList.app */,
				77CBB3852854497C001E50A2 /* MyAnimeListTests.xctest */,
				77CBB38F2854497C001E50A2 /* MyAnimeListUITests.xctest */,
			);
			name = Products;
			sourceTree = "<group>";
		};
		77CBB37128544978001E50A2 /* MyAnimeList */ = {
			isa = PBXGroup;
			children = (
				77CBB3BD28549692001E50A2 /* Filter */,
				77CBB3AE285474E7001E50A2 /* DataStruct */,
				77CBB3A228544A5A001E50A2 /* Paging */,
				77CBB3B7285481AE001E50A2 /* Cells */,
				77CBB37228544978001E50A2 /* AppDelegate.swift */,
				77CBB37428544978001E50A2 /* SceneDelegate.swift */,
				77CBB37628544978001E50A2 /* ViewController.swift */,
				77CBB3C2285498A6001E50A2 /* UIImage+SFSymbol.swift */,
				77CBB3C828549DB5001E50A2 /* Combine+Assign.swift */,
				77CBB37828544978001E50A2 /* Main.storyboard */,
				77CBB37B2854497C001E50A2 /* Assets.xcassets */,
				77CBB37D2854497C001E50A2 /* LaunchScreen.storyboard */,
				77CBB3802854497C001E50A2 /* Info.plist */,
			);
			path = MyAnimeList;
			sourceTree = "<group>";
		};
		77CBB3882854497C001E50A2 /* MyAnimeListTests */ = {
			isa = PBXGroup;
			children = (
				77CBB3892854497C001E50A2 /* MyAnimeListTests.swift */,
				77CBB3A928545FC9001E50A2 /* PagingHandlerTest.swift */,
			);
			path = MyAnimeListTests;
			sourceTree = "<group>";
		};
		77CBB3922854497C001E50A2 /* MyAnimeListUITests */ = {
			isa = PBXGroup;
			children = (
				77CBB3932854497C001E50A2 /* MyAnimeListUITests.swift */,
				77CBB3952854497C001E50A2 /* MyAnimeListUITestsLaunchTests.swift */,
			);
			path = MyAnimeListUITests;
			sourceTree = "<group>";
		};
		77CBB3A228544A5A001E50A2 /* Paging */ = {
			isa = PBXGroup;
			children = (
				77CBB3AB28546E87001E50A2 /* Core */,
				77CBB3AC28546EEE001E50A2 /* AnimePagingHandler.swift */,
			);
			path = Paging;
			sourceTree = "<group>";
		};
		77CBB3AB28546E87001E50A2 /* Core */ = {
			isa = PBXGroup;
			children = (
				77CBB3A528544CFE001E50A2 /* PagingUnit.swift */,
				77CBB3A328544A6D001E50A2 /* PagingHandler.swift */,
			);
			path = Core;
			sourceTree = "<group>";
		};
		77CBB3AE285474E7001E50A2 /* DataStruct */ = {
			isa = PBXGroup;
			children = (
				77CBB3AF285474FB001E50A2 /* ListResult.swift */,
				77CBB3B3285475C8001E50A2 /* ACGImageData.swift */,
				77CBB3B12854751E001E50A2 /* AnimeData.swift */,
				77CBB3B5285476E6001E50A2 /* MangaData.swift */,
			);
			path = DataStruct;
			sourceTree = "<group>";
		};
		77CBB3B7285481AE001E50A2 /* Cells */ = {
			isa = PBXGroup;
			children = (
				77CBB3BC285495BE001E50A2 /* ViewModels */,
			);
			path = Cells;
			sourceTree = "<group>";
		};
		77CBB3BC285495BE001E50A2 /* ViewModels */ = {
			isa = PBXGroup;
			children = (
				77CBB3B8285481C5001E50A2 /* AnimeCellViewModel.swift */,
				77CBB3BA2854825F001E50A2 /* MangaCellViewModel.swift */,
			);
			path = ViewModels;
			sourceTree = "<group>";
		};
		77CBB3BD28549692001E50A2 /* Filter */ = {
			isa = PBXGroup;
			children = (
				77CBB3BE285496A2001E50A2 /* FilterViewController.swift */,
				77CBB3CC2854AC5B001E50A2 /* FilterViewController+QuickConstructor.swift */,
				77CBB3CA2854A40E001E50A2 /* FilterViewModel.swift */,
				77CBB3C4285499CC001E50A2 /* FilterCell.swift */,
				77CBB3C628549CFD001E50A2 /* FilterCellViewModel.swift */,
				77CBB3CE28559788001E50A2 /* FilterUnit.swift */,
			);
			path = Filter;
			sourceTree = "<group>";
		};
		DAFA4F494C02F92279CF3B4A /* Frameworks */ = {
			isa = PBXGroup;
			children = (
				8B3B64E96CC5F12E6425198A /* Pods_MyAnimeList.framework */,
				AC106DF56386F0434DB994C0 /* Pods_MyAnimeListTests.framework */,
				B32BC98A51020BB1DE7BE65B /* Pods_MyAnimeListUITests.framework */,
			);
			name = Frameworks;
			sourceTree = "<group>";
		};
/* End PBXGroup section */

/* Begin PBXNativeTarget section */
		77CBB36E28544978001E50A2 /* MyAnimeList */ = {
			isa = PBXNativeTarget;
			buildConfigurationList = 77CBB3992854497C001E50A2 /* Build configuration list for PBXNativeTarget "MyAnimeList" */;
			buildPhases = (
				C538BEE6FBC68A30AB8FA25B /* [CP] Check Pods Manifest.lock */,
				77CBB36B28544978001E50A2 /* Sources */,
				77CBB36C28544978001E50A2 /* Frameworks */,
				77CBB36D28544978001E50A2 /* Resources */,
				177C2B0B574F247D2795B621 /* [CP] Embed Pods Frameworks */,
			);
			buildRules = (
			);
			dependencies = (
			);
			name = MyAnimeList;
			productName = MyAnimeList;
			productReference = 77CBB36F28544978001E50A2 /* MyAnimeList.app */;
			productType = "com.apple.product-type.application";
		};
		77CBB3842854497C001E50A2 /* MyAnimeListTests */ = {
			isa = PBXNativeTarget;
			buildConfigurationList = 77CBB39C2854497C001E50A2 /* Build configuration list for PBXNativeTarget "MyAnimeListTests" */;
			buildPhases = (
				3C95538E496C5E7D99AC08FA /* [CP] Check Pods Manifest.lock */,
				77CBB3812854497C001E50A2 /* Sources */,
				77CBB3822854497C001E50A2 /* Frameworks */,
				77CBB3832854497C001E50A2 /* Resources */,
			);
			buildRules = (
			);
			dependencies = (
				77CBB3872854497C001E50A2 /* PBXTargetDependency */,
			);
			name = MyAnimeListTests;
			productName = MyAnimeListTests;
			productReference = 77CBB3852854497C001E50A2 /* MyAnimeListTests.xctest */;
			productType = "com.apple.product-type.bundle.unit-test";
		};
		77CBB38E2854497C001E50A2 /* MyAnimeListUITests */ = {
			isa = PBXNativeTarget;
			buildConfigurationList = 77CBB39F2854497C001E50A2 /* Build configuration list for PBXNativeTarget "MyAnimeListUITests" */;
			buildPhases = (
				FB8069447F2C90D24081775F /* [CP] Check Pods Manifest.lock */,
				77CBB38B2854497C001E50A2 /* Sources */,
				77CBB38C2854497C001E50A2 /* Frameworks */,
				77CBB38D2854497C001E50A2 /* Resources */,
			);
			buildRules = (
			);
			dependencies = (
				77CBB3912854497C001E50A2 /* PBXTargetDependency */,
			);
			name = MyAnimeListUITests;
			productName = MyAnimeListUITests;
			productReference = 77CBB38F2854497C001E50A2 /* MyAnimeListUITests.xctest */;
			productType = "com.apple.product-type.bundle.ui-testing";
		};
/* End PBXNativeTarget section */

/* Begin PBXProject section */
		77CBB36728544978001E50A2 /* Project object */ = {
			isa = PBXProject;
			attributes = {
				BuildIndependentTargetsInParallel = 1;
				LastSwiftUpdateCheck = 1340;
				LastUpgradeCheck = 1340;
				TargetAttributes = {
					77CBB36E28544978001E50A2 = {
						CreatedOnToolsVersion = 13.4.1;
					};
					77CBB3842854497C001E50A2 = {
						CreatedOnToolsVersion = 13.4.1;
						TestTargetID = 77CBB36E28544978001E50A2;
					};
					77CBB38E2854497C001E50A2 = {
						CreatedOnToolsVersion = 13.4.1;
						TestTargetID = 77CBB36E28544978001E50A2;
					};
				};
			};
			buildConfigurationList = 77CBB36A28544978001E50A2 /* Build configuration list for PBXProject "MyAnimeList" */;
			compatibilityVersion = "Xcode 13.0";
			developmentRegion = en;
			hasScannedForEncodings = 0;
			knownRegions = (
				en,
				Base,
			);
			mainGroup = 77CBB36628544978001E50A2;
			productRefGroup = 77CBB37028544978001E50A2 /* Products */;
			projectDirPath = "";
			projectRoot = "";
			targets = (
				77CBB36E28544978001E50A2 /* MyAnimeList */,
				77CBB3842854497C001E50A2 /* MyAnimeListTests */,
				77CBB38E2854497C001E50A2 /* MyAnimeListUITests */,
			);
		};
/* End PBXProject section */

/* Begin PBXResourcesBuildPhase section */
		77CBB36D28544978001E50A2 /* Resources */ = {
			isa = PBXResourcesBuildPhase;
			buildActionMask = 2147483647;
			files = (
				77CBB37F2854497C001E50A2 /* LaunchScreen.storyboard in Resources */,
				77CBB37C2854497C001E50A2 /* Assets.xcassets in Resources */,
				77CBB37A28544978001E50A2 /* Main.storyboard in Resources */,
			);
			runOnlyForDeploymentPostprocessing = 0;
		};
		77CBB3832854497C001E50A2 /* Resources */ = {
			isa = PBXResourcesBuildPhase;
			buildActionMask = 2147483647;
			files = (
			);
			runOnlyForDeploymentPostprocessing = 0;
		};
		77CBB38D2854497C001E50A2 /* Resources */ = {
			isa = PBXResourcesBuildPhase;
			buildActionMask = 2147483647;
			files = (
			);
			runOnlyForDeploymentPostprocessing = 0;
		};
/* End PBXResourcesBuildPhase section */

/* Begin PBXShellScriptBuildPhase section */
		177C2B0B574F247D2795B621 /* [CP] Embed Pods Frameworks */ = {
			isa = PBXShellScriptBuildPhase;
			buildActionMask = 2147483647;
			files = (
			);
			inputFileListPaths = (
				"${PODS_ROOT}/Target Support Files/Pods-MyAnimeList/Pods-MyAnimeList-frameworks-${CONFIGURATION}-input-files.xcfilelist",
			);
			name = "[CP] Embed Pods Frameworks";
			outputFileListPaths = (
				"${PODS_ROOT}/Target Support Files/Pods-MyAnimeList/Pods-MyAnimeList-frameworks-${CONFIGURATION}-output-files.xcfilelist",
			);
			runOnlyForDeploymentPostprocessing = 0;
			shellPath = /bin/sh;
			shellScript = "\"${PODS_ROOT}/Target Support Files/Pods-MyAnimeList/Pods-MyAnimeList-frameworks.sh\"\n";
			showEnvVarsInLog = 0;
		};
		3C95538E496C5E7D99AC08FA /* [CP] Check Pods Manifest.lock */ = {
			isa = PBXShellScriptBuildPhase;
			buildActionMask = 2147483647;
			files = (
			);
			inputFileListPaths = (
			);
			inputPaths = (
				"${PODS_PODFILE_DIR_PATH}/Podfile.lock",
				"${PODS_ROOT}/Manifest.lock",
			);
			name = "[CP] Check Pods Manifest.lock";
			outputFileListPaths = (
			);
			outputPaths = (
				"$(DERIVED_FILE_DIR)/Pods-MyAnimeListTests-checkManifestLockResult.txt",
			);
			runOnlyForDeploymentPostprocessing = 0;
			shellPath = /bin/sh;
			shellScript = "diff \"${PODS_PODFILE_DIR_PATH}/Podfile.lock\" \"${PODS_ROOT}/Manifest.lock\" > /dev/null\nif [ $? != 0 ] ; then\n    # print error to STDERR\n    echo \"error: The sandbox is not in sync with the Podfile.lock. Run 'pod install' or update your CocoaPods installation.\" >&2\n    exit 1\nfi\n# This output is used by Xcode 'outputs' to avoid re-running this script phase.\necho \"SUCCESS\" > \"${SCRIPT_OUTPUT_FILE_0}\"\n";
			showEnvVarsInLog = 0;
		};
		C538BEE6FBC68A30AB8FA25B /* [CP] Check Pods Manifest.lock */ = {
			isa = PBXShellScriptBuildPhase;
			buildActionMask = 2147483647;
			files = (
			);
			inputFileListPaths = (
			);
			inputPaths = (
				"${PODS_PODFILE_DIR_PATH}/Podfile.lock",
				"${PODS_ROOT}/Manifest.lock",
			);
			name = "[CP] Check Pods Manifest.lock";
			outputFileListPaths = (
			);
			outputPaths = (
				"$(DERIVED_FILE_DIR)/Pods-MyAnimeList-checkManifestLockResult.txt",
			);
			runOnlyForDeploymentPostprocessing = 0;
			shellPath = /bin/sh;
			shellScript = "diff \"${PODS_PODFILE_DIR_PATH}/Podfile.lock\" \"${PODS_ROOT}/Manifest.lock\" > /dev/null\nif [ $? != 0 ] ; then\n    # print error to STDERR\n    echo \"error: The sandbox is not in sync with the Podfile.lock. Run 'pod install' or update your CocoaPods installation.\" >&2\n    exit 1\nfi\n# This output is used by Xcode 'outputs' to avoid re-running this script phase.\necho \"SUCCESS\" > \"${SCRIPT_OUTPUT_FILE_0}\"\n";
			showEnvVarsInLog = 0;
		};
		FB8069447F2C90D24081775F /* [CP] Check Pods Manifest.lock */ = {
			isa = PBXShellScriptBuildPhase;
			buildActionMask = 2147483647;
			files = (
			);
			inputFileListPaths = (
			);
			inputPaths = (
				"${PODS_PODFILE_DIR_PATH}/Podfile.lock",
				"${PODS_ROOT}/Manifest.lock",
			);
			name = "[CP] Check Pods Manifest.lock";
			outputFileListPaths = (
			);
			outputPaths = (
				"$(DERIVED_FILE_DIR)/Pods-MyAnimeListUITests-checkManifestLockResult.txt",
			);
			runOnlyForDeploymentPostprocessing = 0;
			shellPath = /bin/sh;
			shellScript = "diff \"${PODS_PODFILE_DIR_PATH}/Podfile.lock\" \"${PODS_ROOT}/Manifest.lock\" > /dev/null\nif [ $? != 0 ] ; then\n    # print error to STDERR\n    echo \"error: The sandbox is not in sync with the Podfile.lock. Run 'pod install' or update your CocoaPods installation.\" >&2\n    exit 1\nfi\n# This output is used by Xcode 'outputs' to avoid re-running this script phase.\necho \"SUCCESS\" > \"${SCRIPT_OUTPUT_FILE_0}\"\n";
			showEnvVarsInLog = 0;
		};
/* End PBXShellScriptBuildPhase section */

/* Begin PBXSourcesBuildPhase section */
		77CBB36B28544978001E50A2 /* Sources */ = {
			isa = PBXSourcesBuildPhase;
			buildActionMask = 2147483647;
			files = (
				77CBB3C3285498A6001E50A2 /* UIImage+SFSymbol.swift in Sources */,
				77CBB3CF28559788001E50A2 /* FilterUnit.swift in Sources */,
				77CBB3B6285476E6001E50A2 /* MangaData.swift in Sources */,
				77CBB37728544978001E50A2 /* ViewController.swift in Sources */,
				77CBB3AD28546EEE001E50A2 /* AnimePagingHandler.swift in Sources */,
				77CBB3C5285499CC001E50A2 /* FilterCell.swift in Sources */,
				77CBB3B0285474FB001E50A2 /* ListResult.swift in Sources */,
				77CBB3C728549CFD001E50A2 /* FilterCellViewModel.swift in Sources */,
				77CBB37328544978001E50A2 /* AppDelegate.swift in Sources */,
				77CBB3A628544CFE001E50A2 /* PagingUnit.swift in Sources */,
				77CBB3B9285481C5001E50A2 /* AnimeCellViewModel.swift in Sources */,
				77CBB3CD2854AC5B001E50A2 /* FilterViewController+QuickConstructor.swift in Sources */,
				77CBB3CB2854A40E001E50A2 /* FilterViewModel.swift in Sources */,
				77CBB3BF285496A2001E50A2 /* FilterViewController.swift in Sources */,
				77CBB3BB2854825F001E50A2 /* MangaCellViewModel.swift in Sources */,
				77CBB3A428544A6D001E50A2 /* PagingHandler.swift in Sources */,
				77CBB3B22854751E001E50A2 /* AnimeData.swift in Sources */,
				77CBB37528544978001E50A2 /* SceneDelegate.swift in Sources */,
				77CBB3C928549DB5001E50A2 /* Combine+Assign.swift in Sources */,
				77CBB3B4285475C8001E50A2 /* ACGImageData.swift in Sources */,
			);
			runOnlyForDeploymentPostprocessing = 0;
		};
		77CBB3812854497C001E50A2 /* Sources */ = {
			isa = PBXSourcesBuildPhase;
			buildActionMask = 2147483647;
			files = (
				77CBB3AA28545FC9001E50A2 /* PagingHandlerTest.swift in Sources */,
				77CBB38A2854497C001E50A2 /* MyAnimeListTests.swift in Sources */,
			);
			runOnlyForDeploymentPostprocessing = 0;
		};
		77CBB38B2854497C001E50A2 /* Sources */ = {
			isa = PBXSourcesBuildPhase;
			buildActionMask = 2147483647;
			files = (
				77CBB3942854497C001E50A2 /* MyAnimeListUITests.swift in Sources */,
				77CBB3962854497C001E50A2 /* MyAnimeListUITestsLaunchTests.swift in Sources */,
			);
			runOnlyForDeploymentPostprocessing = 0;
		};
/* End PBXSourcesBuildPhase section */

/* Begin PBXTargetDependency section */
		77CBB3872854497C001E50A2 /* PBXTargetDependency */ = {
			isa = PBXTargetDependency;
			target = 77CBB36E28544978001E50A2 /* MyAnimeList */;
			targetProxy = 77CBB3862854497C001E50A2 /* PBXContainerItemProxy */;
		};
		77CBB3912854497C001E50A2 /* PBXTargetDependency */ = {
			isa = PBXTargetDependency;
			target = 77CBB36E28544978001E50A2 /* MyAnimeList */;
			targetProxy = 77CBB3902854497C001E50A2 /* PBXContainerItemProxy */;
		};
/* End PBXTargetDependency section */

/* Begin PBXVariantGroup section */
		77CBB37828544978001E50A2 /* Main.storyboard */ = {
			isa = PBXVariantGroup;
			children = (
				77CBB37928544978001E50A2 /* Base */,
			);
			name = Main.storyboard;
			sourceTree = "<group>";
		};
		77CBB37D2854497C001E50A2 /* LaunchScreen.storyboard */ = {
			isa = PBXVariantGroup;
			children = (
				77CBB37E2854497C001E50A2 /* Base */,
			);
			name = LaunchScreen.storyboard;
			sourceTree = "<group>";
		};
/* End PBXVariantGroup section */

/* Begin XCBuildConfiguration section */
		77CBB3972854497C001E50A2 /* Debug */ = {
			isa = XCBuildConfiguration;
			buildSettings = {
				ALWAYS_SEARCH_USER_PATHS = NO;
				CLANG_ANALYZER_NONNULL = YES;
				CLANG_ANALYZER_NUMBER_OBJECT_CONVERSION = YES_AGGRESSIVE;
				CLANG_CXX_LANGUAGE_STANDARD = "gnu++17";
				CLANG_ENABLE_MODULES = YES;
				CLANG_ENABLE_OBJC_ARC = YES;
				CLANG_ENABLE_OBJC_WEAK = YES;
				CLANG_WARN_BLOCK_CAPTURE_AUTORELEASING = YES;
				CLANG_WARN_BOOL_CONVERSION = YES;
				CLANG_WARN_COMMA = YES;
				CLANG_WARN_CONSTANT_CONVERSION = YES;
				CLANG_WARN_DEPRECATED_OBJC_IMPLEMENTATIONS = YES;
				CLANG_WARN_DIRECT_OBJC_ISA_USAGE = YES_ERROR;
				CLANG_WARN_DOCUMENTATION_COMMENTS = YES;
				CLANG_WARN_EMPTY_BODY = YES;
				CLANG_WARN_ENUM_CONVERSION = YES;
				CLANG_WARN_INFINITE_RECURSION = YES;
				CLANG_WARN_INT_CONVERSION = YES;
				CLANG_WARN_NON_LITERAL_NULL_CONVERSION = YES;
				CLANG_WARN_OBJC_IMPLICIT_RETAIN_SELF = YES;
				CLANG_WARN_OBJC_LITERAL_CONVERSION = YES;
				CLANG_WARN_OBJC_ROOT_CLASS = YES_ERROR;
				CLANG_WARN_QUOTED_INCLUDE_IN_FRAMEWORK_HEADER = YES;
				CLANG_WARN_RANGE_LOOP_ANALYSIS = YES;
				CLANG_WARN_STRICT_PROTOTYPES = YES;
				CLANG_WARN_SUSPICIOUS_MOVE = YES;
				CLANG_WARN_UNGUARDED_AVAILABILITY = YES_AGGRESSIVE;
				CLANG_WARN_UNREACHABLE_CODE = YES;
				CLANG_WARN__DUPLICATE_METHOD_MATCH = YES;
				COPY_PHASE_STRIP = NO;
				DEBUG_INFORMATION_FORMAT = dwarf;
				ENABLE_STRICT_OBJC_MSGSEND = YES;
				ENABLE_TESTABILITY = YES;
				GCC_C_LANGUAGE_STANDARD = gnu11;
				GCC_DYNAMIC_NO_PIC = NO;
				GCC_NO_COMMON_BLOCKS = YES;
				GCC_OPTIMIZATION_LEVEL = 0;
				GCC_PREPROCESSOR_DEFINITIONS = (
					"DEBUG=1",
					"$(inherited)",
				);
				GCC_WARN_64_TO_32_BIT_CONVERSION = YES;
				GCC_WARN_ABOUT_RETURN_TYPE = YES_ERROR;
				GCC_WARN_UNDECLARED_SELECTOR = YES;
				GCC_WARN_UNINITIALIZED_AUTOS = YES_AGGRESSIVE;
				GCC_WARN_UNUSED_FUNCTION = YES;
				GCC_WARN_UNUSED_VARIABLE = YES;
				IPHONEOS_DEPLOYMENT_TARGET = 15.5;
				MTL_ENABLE_DEBUG_INFO = INCLUDE_SOURCE;
				MTL_FAST_MATH = YES;
				ONLY_ACTIVE_ARCH = YES;
				SDKROOT = iphoneos;
				SWIFT_ACTIVE_COMPILATION_CONDITIONS = DEBUG;
				SWIFT_OPTIMIZATION_LEVEL = "-Onone";
			};
			name = Debug;
		};
		77CBB3982854497C001E50A2 /* Release */ = {
			isa = XCBuildConfiguration;
			buildSettings = {
				ALWAYS_SEARCH_USER_PATHS = NO;
				CLANG_ANALYZER_NONNULL = YES;
				CLANG_ANALYZER_NUMBER_OBJECT_CONVERSION = YES_AGGRESSIVE;
				CLANG_CXX_LANGUAGE_STANDARD = "gnu++17";
				CLANG_ENABLE_MODULES = YES;
				CLANG_ENABLE_OBJC_ARC = YES;
				CLANG_ENABLE_OBJC_WEAK = YES;
				CLANG_WARN_BLOCK_CAPTURE_AUTORELEASING = YES;
				CLANG_WARN_BOOL_CONVERSION = YES;
				CLANG_WARN_COMMA = YES;
				CLANG_WARN_CONSTANT_CONVERSION = YES;
				CLANG_WARN_DEPRECATED_OBJC_IMPLEMENTATIONS = YES;
				CLANG_WARN_DIRECT_OBJC_ISA_USAGE = YES_ERROR;
				CLANG_WARN_DOCUMENTATION_COMMENTS = YES;
				CLANG_WARN_EMPTY_BODY = YES;
				CLANG_WARN_ENUM_CONVERSION = YES;
				CLANG_WARN_INFINITE_RECURSION = YES;
				CLANG_WARN_INT_CONVERSION = YES;
				CLANG_WARN_NON_LITERAL_NULL_CONVERSION = YES;
				CLANG_WARN_OBJC_IMPLICIT_RETAIN_SELF = YES;
				CLANG_WARN_OBJC_LITERAL_CONVERSION = YES;
				CLANG_WARN_OBJC_ROOT_CLASS = YES_ERROR;
				CLANG_WARN_QUOTED_INCLUDE_IN_FRAMEWORK_HEADER = YES;
				CLANG_WARN_RANGE_LOOP_ANALYSIS = YES;
				CLANG_WARN_STRICT_PROTOTYPES = YES;
				CLANG_WARN_SUSPICIOUS_MOVE = YES;
				CLANG_WARN_UNGUARDED_AVAILABILITY = YES_AGGRESSIVE;
				CLANG_WARN_UNREACHABLE_CODE = YES;
				CLANG_WARN__DUPLICATE_METHOD_MATCH = YES;
				COPY_PHASE_STRIP = NO;
				DEBUG_INFORMATION_FORMAT = "dwarf-with-dsym";
				ENABLE_NS_ASSERTIONS = NO;
				ENABLE_STRICT_OBJC_MSGSEND = YES;
				GCC_C_LANGUAGE_STANDARD = gnu11;
				GCC_NO_COMMON_BLOCKS = YES;
				GCC_WARN_64_TO_32_BIT_CONVERSION = YES;
				GCC_WARN_ABOUT_RETURN_TYPE = YES_ERROR;
				GCC_WARN_UNDECLARED_SELECTOR = YES;
				GCC_WARN_UNINITIALIZED_AUTOS = YES_AGGRESSIVE;
				GCC_WARN_UNUSED_FUNCTION = YES;
				GCC_WARN_UNUSED_VARIABLE = YES;
				IPHONEOS_DEPLOYMENT_TARGET = 15.5;
				MTL_ENABLE_DEBUG_INFO = NO;
				MTL_FAST_MATH = YES;
				SDKROOT = iphoneos;
				SWIFT_COMPILATION_MODE = wholemodule;
				SWIFT_OPTIMIZATION_LEVEL = "-O";
				VALIDATE_PRODUCT = YES;
			};
			name = Release;
		};
		77CBB39A2854497C001E50A2 /* Debug */ = {
			isa = XCBuildConfiguration;
			baseConfigurationReference = D1FC68F7FF0FA9DB4E72E295 /* Pods-MyAnimeList.debug.xcconfig */;
			buildSettings = {
				ASSETCATALOG_COMPILER_APPICON_NAME = AppIcon;
				ASSETCATALOG_COMPILER_GLOBAL_ACCENT_COLOR_NAME = AccentColor;
				CODE_SIGN_STYLE = Automatic;
				CURRENT_PROJECT_VERSION = 1;
				GENERATE_INFOPLIST_FILE = YES;
				INFOPLIST_FILE = MyAnimeList/Info.plist;
				INFOPLIST_KEY_UIApplicationSupportsIndirectInputEvents = YES;
				INFOPLIST_KEY_UILaunchStoryboardName = LaunchScreen;
				INFOPLIST_KEY_UIMainStoryboardFile = Main;
				INFOPLIST_KEY_UISupportedInterfaceOrientations_iPad = "UIInterfaceOrientationPortrait UIInterfaceOrientationPortraitUpsideDown UIInterfaceOrientationLandscapeLeft UIInterfaceOrientationLandscapeRight";
				INFOPLIST_KEY_UISupportedInterfaceOrientations_iPhone = "UIInterfaceOrientationPortrait UIInterfaceOrientationLandscapeLeft UIInterfaceOrientationLandscapeRight";
				LD_RUNPATH_SEARCH_PATHS = (
					"$(inherited)",
					"@executable_path/Frameworks",
				);
				MARKETING_VERSION = 1.0;
				PRODUCT_BUNDLE_IDENTIFIER = com.thisisalex.MyAnimeList;
				PRODUCT_NAME = "$(TARGET_NAME)";
				SWIFT_EMIT_LOC_STRINGS = YES;
				SWIFT_VERSION = 5.0;
				TARGETED_DEVICE_FAMILY = "1,2";
			};
			name = Debug;
		};
		77CBB39B2854497C001E50A2 /* Release */ = {
			isa = XCBuildConfiguration;
			baseConfigurationReference = 8B938A6FE8EE6A6F3351216D /* Pods-MyAnimeList.release.xcconfig */;
			buildSettings = {
				ASSETCATALOG_COMPILER_APPICON_NAME = AppIcon;
				ASSETCATALOG_COMPILER_GLOBAL_ACCENT_COLOR_NAME = AccentColor;
				CODE_SIGN_STYLE = Automatic;
				CURRENT_PROJECT_VERSION = 1;
				GENERATE_INFOPLIST_FILE = YES;
				INFOPLIST_FILE = MyAnimeList/Info.plist;
				INFOPLIST_KEY_UIApplicationSupportsIndirectInputEvents = YES;
				INFOPLIST_KEY_UILaunchStoryboardName = LaunchScreen;
				INFOPLIST_KEY_UIMainStoryboardFile = Main;
				INFOPLIST_KEY_UISupportedInterfaceOrientations_iPad = "UIInterfaceOrientationPortrait UIInterfaceOrientationPortraitUpsideDown UIInterfaceOrientationLandscapeLeft UIInterfaceOrientationLandscapeRight";
				INFOPLIST_KEY_UISupportedInterfaceOrientations_iPhone = "UIInterfaceOrientationPortrait UIInterfaceOrientationLandscapeLeft UIInterfaceOrientationLandscapeRight";
				LD_RUNPATH_SEARCH_PATHS = (
					"$(inherited)",
					"@executable_path/Frameworks",
				);
				MARKETING_VERSION = 1.0;
				PRODUCT_BUNDLE_IDENTIFIER = com.thisisalex.MyAnimeList;
				PRODUCT_NAME = "$(TARGET_NAME)";
				SWIFT_EMIT_LOC_STRINGS = YES;
				SWIFT_VERSION = 5.0;
				TARGETED_DEVICE_FAMILY = "1,2";
			};
			name = Release;
		};
		77CBB39D2854497C001E50A2 /* Debug */ = {
			isa = XCBuildConfiguration;
			baseConfigurationReference = C75E9A2B0D2D1EFBE8935363 /* Pods-MyAnimeListTests.debug.xcconfig */;
			buildSettings = {
				ALWAYS_EMBED_SWIFT_STANDARD_LIBRARIES = YES;
				BUNDLE_LOADER = "$(TEST_HOST)";
				CODE_SIGN_STYLE = Automatic;
				CURRENT_PROJECT_VERSION = 1;
				GENERATE_INFOPLIST_FILE = YES;
				IPHONEOS_DEPLOYMENT_TARGET = 15.5;
				MARKETING_VERSION = 1.0;
				PRODUCT_BUNDLE_IDENTIFIER = com.thisisalex.MyAnimeListTests;
				PRODUCT_NAME = "$(TARGET_NAME)";
				SWIFT_EMIT_LOC_STRINGS = NO;
				SWIFT_VERSION = 5.0;
				TARGETED_DEVICE_FAMILY = "1,2";
				TEST_HOST = "$(BUILT_PRODUCTS_DIR)/MyAnimeList.app/MyAnimeList";
			};
			name = Debug;
		};
		77CBB39E2854497C001E50A2 /* Release */ = {
			isa = XCBuildConfiguration;
			baseConfigurationReference = 1751057B85E4F9731C116C23 /* Pods-MyAnimeListTests.release.xcconfig */;
			buildSettings = {
				ALWAYS_EMBED_SWIFT_STANDARD_LIBRARIES = YES;
				BUNDLE_LOADER = "$(TEST_HOST)";
				CODE_SIGN_STYLE = Automatic;
				CURRENT_PROJECT_VERSION = 1;
				GENERATE_INFOPLIST_FILE = YES;
				IPHONEOS_DEPLOYMENT_TARGET = 15.5;
				MARKETING_VERSION = 1.0;
				PRODUCT_BUNDLE_IDENTIFIER = com.thisisalex.MyAnimeListTests;
				PRODUCT_NAME = "$(TARGET_NAME)";
				SWIFT_EMIT_LOC_STRINGS = NO;
				SWIFT_VERSION = 5.0;
				TARGETED_DEVICE_FAMILY = "1,2";
				TEST_HOST = "$(BUILT_PRODUCTS_DIR)/MyAnimeList.app/MyAnimeList";
			};
			name = Release;
		};
		77CBB3A02854497C001E50A2 /* Debug */ = {
			isa = XCBuildConfiguration;
			baseConfigurationReference = 04F288318E53263F6F0ED6D1 /* Pods-MyAnimeListUITests.debug.xcconfig */;
			buildSettings = {
				ALWAYS_EMBED_SWIFT_STANDARD_LIBRARIES = YES;
				CODE_SIGN_STYLE = Automatic;
				CURRENT_PROJECT_VERSION = 1;
				GENERATE_INFOPLIST_FILE = YES;
				MARKETING_VERSION = 1.0;
				PRODUCT_BUNDLE_IDENTIFIER = com.thisisalex.MyAnimeListUITests;
				PRODUCT_NAME = "$(TARGET_NAME)";
				SWIFT_EMIT_LOC_STRINGS = NO;
				SWIFT_VERSION = 5.0;
				TARGETED_DEVICE_FAMILY = "1,2";
				TEST_TARGET_NAME = MyAnimeList;
			};
			name = Debug;
		};
		77CBB3A12854497C001E50A2 /* Release */ = {
			isa = XCBuildConfiguration;
			baseConfigurationReference = 95717CF150ADF41CF99FBBA2 /* Pods-MyAnimeListUITests.release.xcconfig */;
			buildSettings = {
				ALWAYS_EMBED_SWIFT_STANDARD_LIBRARIES = YES;
				CODE_SIGN_STYLE = Automatic;
				CURRENT_PROJECT_VERSION = 1;
				GENERATE_INFOPLIST_FILE = YES;
				MARKETING_VERSION = 1.0;
				PRODUCT_BUNDLE_IDENTIFIER = com.thisisalex.MyAnimeListUITests;
				PRODUCT_NAME = "$(TARGET_NAME)";
				SWIFT_EMIT_LOC_STRINGS = NO;
				SWIFT_VERSION = 5.0;
				TARGETED_DEVICE_FAMILY = "1,2";
				TEST_TARGET_NAME = MyAnimeList;
			};
			name = Release;
		};
/* End XCBuildConfiguration section */

/* Begin XCConfigurationList section */
		77CBB36A28544978001E50A2 /* Build configuration list for PBXProject "MyAnimeList" */ = {
			isa = XCConfigurationList;
			buildConfigurations = (
				77CBB3972854497C001E50A2 /* Debug */,
				77CBB3982854497C001E50A2 /* Release */,
			);
			defaultConfigurationIsVisible = 0;
			defaultConfigurationName = Release;
		};
		77CBB3992854497C001E50A2 /* Build configuration list for PBXNativeTarget "MyAnimeList" */ = {
			isa = XCConfigurationList;
			buildConfigurations = (
				77CBB39A2854497C001E50A2 /* Debug */,
				77CBB39B2854497C001E50A2 /* Release */,
			);
			defaultConfigurationIsVisible = 0;
			defaultConfigurationName = Release;
		};
		77CBB39C2854497C001E50A2 /* Build configuration list for PBXNativeTarget "MyAnimeListTests" */ = {
			isa = XCConfigurationList;
			buildConfigurations = (
				77CBB39D2854497C001E50A2 /* Debug */,
				77CBB39E2854497C001E50A2 /* Release */,
			);
			defaultConfigurationIsVisible = 0;
			defaultConfigurationName = Release;
		};
		77CBB39F2854497C001E50A2 /* Build configuration list for PBXNativeTarget "MyAnimeListUITests" */ = {
			isa = XCConfigurationList;
			buildConfigurations = (
				77CBB3A02854497C001E50A2 /* Debug */,
				77CBB3A12854497C001E50A2 /* Release */,
			);
			defaultConfigurationIsVisible = 0;
			defaultConfigurationName = Release;
		};
/* End XCConfigurationList section */
	};
	rootObject = 77CBB36728544978001E50A2 /* Project object */;
}
